
Microsoft Visual Studio Solution File, Format Version 12.00
# Visual Studio Version 16
VisualStudioVersion = 16.0.28803.202
MinimumVisualStudioVersion = 10.0.40219.1
Project("{FAE04EC0-301F-11D3-BF4B-00C04F79EFBC}") = "notkace_api_netcore", "notkace_api_netcore\notkace_api_netcore.csproj", "{BC1D21B1-CADC-4691-BE46-ABEA9451C398}"
EndProject
Global
	GlobalSection(SolutionConfigurationPlatforms) = preSolution
		Debug|Any CPU = Debug|Any CPU
		Release|Any CPU = Release|Any CPU
	EndGlobalSection
	GlobalSection(ProjectConfigurationPlatforms) = postSolution
		{BC1D21B1-CADC-4691-BE46-ABEA9451C398}.Debug|Any CPU.ActiveCfg = Debug|Any CPU
		{BC1D21B1-CADC-4691-BE46-ABEA9451C398}.Debug|Any CPU.Build.0 = Debug|Any CPU
		{BC1D21B1-CADC-4691-BE46-ABEA9451C398}.Release|Any CPU.ActiveCfg = Release|Any CPU
		{BC1D21B1-CADC-4691-BE46-ABEA9451C398}.Release|Any CPU.Build.0 = Release|Any CPU
	EndGlobalSection
	GlobalSection(SolutionProperties) = preSolution
		HideSolutionNode = FALSE
	EndGlobalSection
	GlobalSection(ExtensibilityGlobals) = postSolution
		SolutionGuid = {A3C882EA-21E8-472C-A8E1-173A93DCDEE8}
	EndGlobalSection
EndGlobal
